
Microsoft Visual Studio Solution File, Format Version 12.00
# Visual Studio Version 17
VisualStudioVersion = 17.6.33815.320
MinimumVisualStudioVersion = 10.0.40219.1
Project("{FAE04EC0-301F-11D3-BF4B-00C04F79EFBC}") = "SeguridadInformática", "SeguridadInformática.csproj", "{9D0DBCC4-8FA5-4959-BC4B-497AEDCBB42C}"
EndProject
Global
	GlobalSection(SolutionConfigurationPlatforms) = preSolution
		Debug|Any CPU = Debug|Any CPU
		Release|Any CPU = Release|Any CPU
	EndGlobalSection
	GlobalSection(ProjectConfigurationPlatforms) = postSolution
		{9D0DBCC4-8FA5-4959-BC4B-497AEDCBB42C}.Debug|Any CPU.ActiveCfg = Debug|Any CPU
		{9D0DBCC4-8FA5-4959-BC4B-497AEDCBB42C}.Debug|Any CPU.Build.0 = Debug|Any CPU
		{9D0DBCC4-8FA5-4959-BC4B-497AEDCBB42C}.Release|Any CPU.ActiveCfg = Release|Any CPU
		{9D0DBCC4-8FA5-4959-BC4B-497AEDCBB42C}.Release|Any CPU.Build.0 = Release|Any CPU
	EndGlobalSection
	GlobalSection(SolutionProperties) = preSolution
		HideSolutionNode = FALSE
	EndGlobalSection
	GlobalSection(ExtensibilityGlobals) = postSolution
		SolutionGuid = {CBC7C21E-0CE0-44DC-9AF1-3616021E3169}
	EndGlobalSection
EndGlobal
